// !$*UTF8*$!
{
	archiveVersion = 1;
	classes = {
	};
	objectVersion = 50;
	objects = {

/* Begin PBXBuildFile section */
		FAAD8CBF22F13CAC0013C358 /* MObject.h in Headers */ = {isa = PBXBuildFile; fileRef = FAAD8CBB22F13CAC0013C358 /* MObject.h */; };
		FAAD8CC022F13CAC0013C358 /* MNotifyManager.cpp in Sources */ = {isa = PBXBuildFile; fileRef = FAAD8CBC22F13CAC0013C358 /* MNotifyManager.cpp */; };
		FAAD8CC122F13CAC0013C358 /* MObject.cpp in Sources */ = {isa = PBXBuildFile; fileRef = FAAD8CBD22F13CAC0013C358 /* MObject.cpp */; };
		FAAD8CC222F13CAC0013C358 /* MNotifyManager.h in Headers */ = {isa = PBXBuildFile; fileRef = FAAD8CBE22F13CAC0013C358 /* MNotifyManager.h */; };
		FAAD8CCA22F13CBF0013C358 /* MIRenderView.h in Headers */ = {isa = PBXBuildFile; fileRef = FAAD8CC422F13CBF0013C358 /* MIRenderView.h */; };
		FAAD8CCB22F13CBF0013C358 /* MEngine.cpp in Sources */ = {isa = PBXBuildFile; fileRef = FAAD8CC522F13CBF0013C358 /* MEngine.cpp */; };
		FAAD8CCC22F13CBF0013C358 /* MIRenderer.cpp in Sources */ = {isa = PBXBuildFile; fileRef = FAAD8CC622F13CBF0013C358 /* MIRenderer.cpp */; };
		FAAD8CCD22F13CBF0013C358 /* MEngine.h in Headers */ = {isa = PBXBuildFile; fileRef = FAAD8CC722F13CBF0013C358 /* MEngine.h */; };
		FAAD8CCE22F13CBF0013C358 /* MIRenderView.cpp in Sources */ = {isa = PBXBuildFile; fileRef = FAAD8CC822F13CBF0013C358 /* MIRenderView.cpp */; };
		FAAD8CCF22F13CBF0013C358 /* MIRenderer.h in Headers */ = {isa = PBXBuildFile; fileRef = FAAD8CC922F13CBF0013C358 /* MIRenderer.h */; };
		FAAD8CD322F13CD20013C358 /* MLogManager.cpp in Sources */ = {isa = PBXBuildFile; fileRef = FAAD8CD122F13CD20013C358 /* MLogManager.cpp */; };
		FAAD8CD422F13CD20013C358 /* MLogManager.h in Headers */ = {isa = PBXBuildFile; fileRef = FAAD8CD222F13CD20013C358 /* MLogManager.h */; };
		FAAD8CDA22F13CEE0013C358 /* MString.h in Headers */ = {isa = PBXBuildFile; fileRef = FAAD8CD622F13CEE0013C358 /* MString.h */; };
		FAAD8CDB22F13CEE0013C358 /* MGlobal.h in Headers */ = {isa = PBXBuildFile; fileRef = FAAD8CD722F13CEE0013C358 /* MGlobal.h */; };
		FAAD8CDC22F13CEE0013C358 /* MFunction.h in Headers */ = {isa = PBXBuildFile; fileRef = FAAD8CD822F13CEE0013C358 /* MFunction.h */; };
		FAAD8CDD22F13CEE0013C358 /* MSingleInstance.h in Headers */ = {isa = PBXBuildFile; fileRef = FAAD8CD922F13CEE0013C358 /* MSingleInstance.h */; };
		FAAD8CE122F13CFB0013C358 /* MTimer.h in Headers */ = {isa = PBXBuildFile; fileRef = FAAD8CDF22F13CFB0013C358 /* MTimer.h */; };
		FAAD8CE222F13CFB0013C358 /* MTimer.cpp in Sources */ = {isa = PBXBuildFile; fileRef = FAAD8CE022F13CFB0013C358 /* MTimer.cpp */; };
		FACAC06122F97A5B0059C5DF /* M3DNode.cpp in Sources */ = {isa = PBXBuildFile; fileRef = FACAC05B22F97A5B0059C5DF /* M3DNode.cpp */; };
		FACAC06222F97A5B0059C5DF /* M3DNode.h in Headers */ = {isa = PBXBuildFile; fileRef = FACAC05C22F97A5B0059C5DF /* M3DNode.h */; };
		FACAC06322F97A5B0059C5DF /* MNode.h in Headers */ = {isa = PBXBuildFile; fileRef = FACAC05D22F97A5B0059C5DF /* MNode.h */; };
		FACAC06422F97A5B0059C5DF /* M3DMeshInstance.h in Headers */ = {isa = PBXBuildFile; fileRef = FACAC05E22F97A5B0059C5DF /* M3DMeshInstance.h */; };
		FACAC06522F97A5B0059C5DF /* M3DMeshInstance.cpp in Sources */ = {isa = PBXBuildFile; fileRef = FACAC05F22F97A5B0059C5DF /* M3DMeshInstance.cpp */; };
		FACAC06622F97A5B0059C5DF /* MNode.cpp in Sources */ = {isa = PBXBuildFile; fileRef = FACAC06022F97A5B0059C5DF /* MNode.cpp */; };
		FACAC08F22F97D020059C5DF /* libMath3D.dylib in Frameworks */ = {isa = PBXBuildFile; fileRef = FACAC08E22F97D020059C5DF /* libMath3D.dylib */; };
		FACAC09422F980220059C5DF /* MMesh.h in Headers */ = {isa = PBXBuildFile; fileRef = FACAC09222F980220059C5DF /* MMesh.h */; };
		FACAC09522F980220059C5DF /* MMesh.cpp in Sources */ = {isa = PBXBuildFile; fileRef = FACAC09322F980220059C5DF /* MMesh.cpp */; };
		FACAC09822F9849E0059C5DF /* MModel.h in Headers */ = {isa = PBXBuildFile; fileRef = FACAC09622F9849E0059C5DF /* MModel.h */; };
		FACAC09922F9849E0059C5DF /* MModel.cpp in Sources */ = {isa = PBXBuildFile; fileRef = FACAC09722F9849E0059C5DF /* MModel.cpp */; };
		FACAC0A222F986330059C5DF /* MResource.cpp in Sources */ = {isa = PBXBuildFile; fileRef = FACAC0A022F986330059C5DF /* MResource.cpp */; };
		FACAC0A322F986330059C5DF /* MResource.h in Headers */ = {isa = PBXBuildFile; fileRef = FACAC0A122F986330059C5DF /* MResource.h */; };
		FACAC0A822F9865B0059C5DF /* MModelResource.cpp in Sources */ = {isa = PBXBuildFile; fileRef = FACAC0A422F9865B0059C5DF /* MModelResource.cpp */; };
		FACAC0A922F9865B0059C5DF /* MModelResource.h in Headers */ = {isa = PBXBuildFile; fileRef = FACAC0A522F9865B0059C5DF /* MModelResource.h */; };
		FACAC0AA22F9865B0059C5DF /* MModelLoader.h in Headers */ = {isa = PBXBuildFile; fileRef = FACAC0A622F9865B0059C5DF /* MModelLoader.h */; };
		FACAC0AB22F9865B0059C5DF /* MModelLoader.cpp in Sources */ = {isa = PBXBuildFile; fileRef = FACAC0A722F9865B0059C5DF /* MModelLoader.cpp */; };
		FACAC0AE22F987190059C5DF /* MResourceLoader.cpp in Sources */ = {isa = PBXBuildFile; fileRef = FACAC0AC22F987190059C5DF /* MResourceLoader.cpp */; };
		FACAC0AF22F987190059C5DF /* MResourceLoader.h in Headers */ = {isa = PBXBuildFile; fileRef = FACAC0AD22F987190059C5DF /* MResourceLoader.h */; };
		FACAC0B122F9906D0059C5DF /* MIDPool.h in Headers */ = {isa = PBXBuildFile; fileRef = FACAC0B022F9906D0059C5DF /* MIDPool.h */; };
		FACAC0CA22F998FB0059C5DF /* libMath3D.dylib in CopyFiles */ = {isa = PBXBuildFile; fileRef = FACAC08E22F97D020059C5DF /* libMath3D.dylib */; settings = {ATTRIBUTES = (CodeSignOnCopy, ); }; };
		FACAC0DA22F99A610059C5DF /* libassimp.5.dylib in Frameworks */ = {isa = PBXBuildFile; fileRef = FACAC0D822F99A610059C5DF /* libassimp.5.dylib */; };
		FACAC0DB22F99A610059C5DF /* libIrrXML.dylib in Frameworks */ = {isa = PBXBuildFile; fileRef = FACAC0D922F99A610059C5DF /* libIrrXML.dylib */; };
		FACAC0DC22F99A6B0059C5DF /* libassimp.5.dylib in CopyFiles */ = {isa = PBXBuildFile; fileRef = FACAC0D822F99A610059C5DF /* libassimp.5.dylib */; settings = {ATTRIBUTES = (CodeSignOnCopy, ); }; };
		FACAC0DD22F99A6B0059C5DF /* libIrrXML.dylib in CopyFiles */ = {isa = PBXBuildFile; fileRef = FACAC0D922F99A610059C5DF /* libIrrXML.dylib */; settings = {ATTRIBUTES = (CodeSignOnCopy, ); }; };
/* End PBXBuildFile section */

/* Begin PBXCopyFilesBuildPhase section */
		FAAD8CF722F4342E0013C358 /* CopyFiles */ = {
			isa = PBXCopyFilesBuildPhase;
			buildActionMask = 2147483647;
			dstPath = "";
			dstSubfolderSpec = 10;
			files = (
				FACAC0DC22F99A6B0059C5DF /* libassimp.5.dylib in CopyFiles */,
				FACAC0DD22F99A6B0059C5DF /* libIrrXML.dylib in CopyFiles */,
				FACAC0CA22F998FB0059C5DF /* libMath3D.dylib in CopyFiles */,
			);
			runOnlyForDeploymentPostprocessing = 0;
		};
/* End PBXCopyFilesBuildPhase section */

/* Begin PBXFileReference section */
		FAAD8CBB22F13CAC0013C358 /* MObject.h */ = {isa = PBXFileReference; fileEncoding = 4; lastKnownFileType = sourcecode.c.h; name = MObject.h; path = ../../../../Core/MObject.h; sourceTree = "<group>"; };
		FAAD8CBC22F13CAC0013C358 /* MNotifyManager.cpp */ = {isa = PBXFileReference; fileEncoding = 4; lastKnownFileType = sourcecode.cpp.cpp; name = MNotifyManager.cpp; path = ../../../../Core/MNotifyManager.cpp; sourceTree = "<group>"; };
		FAAD8CBD22F13CAC0013C358 /* MObject.cpp */ = {isa = PBXFileReference; fileEncoding = 4; lastKnownFileType = sourcecode.cpp.cpp; name = MObject.cpp; path = ../../../../Core/MObject.cpp; sourceTree = "<group>"; };
		FAAD8CBE22F13CAC0013C358 /* MNotifyManager.h */ = {isa = PBXFileReference; fileEncoding = 4; lastKnownFileType = sourcecode.c.h; name = MNotifyManager.h; path = ../../../../Core/MNotifyManager.h; sourceTree = "<group>"; };
		FAAD8CC422F13CBF0013C358 /* MIRenderView.h */ = {isa = PBXFileReference; fileEncoding = 4; lastKnownFileType = sourcecode.c.h; name = MIRenderView.h; path = ../../../../../Core/Engine/MIRenderView.h; sourceTree = "<group>"; };
		FAAD8CC522F13CBF0013C358 /* MEngine.cpp */ = {isa = PBXFileReference; fileEncoding = 4; lastKnownFileType = sourcecode.cpp.cpp; name = MEngine.cpp; path = ../../../../../Core/Engine/MEngine.cpp; sourceTree = "<group>"; };
		FAAD8CC622F13CBF0013C358 /* MIRenderer.cpp */ = {isa = PBXFileReference; fileEncoding = 4; lastKnownFileType = sourcecode.cpp.cpp; name = MIRenderer.cpp; path = ../../../../../Core/Engine/MIRenderer.cpp; sourceTree = "<group>"; };
		FAAD8CC722F13CBF0013C358 /* MEngine.h */ = {isa = PBXFileReference; fileEncoding = 4; lastKnownFileType = sourcecode.c.h; name = MEngine.h; path = ../../../../../Core/Engine/MEngine.h; sourceTree = "<group>"; };
		FAAD8CC822F13CBF0013C358 /* MIRenderView.cpp */ = {isa = PBXFileReference; fileEncoding = 4; lastKnownFileType = sourcecode.cpp.cpp; name = MIRenderView.cpp; path = ../../../../../Core/Engine/MIRenderView.cpp; sourceTree = "<group>"; };
		FAAD8CC922F13CBF0013C358 /* MIRenderer.h */ = {isa = PBXFileReference; fileEncoding = 4; lastKnownFileType = sourcecode.c.h; name = MIRenderer.h; path = ../../../../../Core/Engine/MIRenderer.h; sourceTree = "<group>"; };
		FAAD8CD122F13CD20013C358 /* MLogManager.cpp */ = {isa = PBXFileReference; fileEncoding = 4; lastKnownFileType = sourcecode.cpp.cpp; name = MLogManager.cpp; path = ../../../../../Core/Log/MLogManager.cpp; sourceTree = "<group>"; };
		FAAD8CD222F13CD20013C358 /* MLogManager.h */ = {isa = PBXFileReference; fileEncoding = 4; lastKnownFileType = sourcecode.c.h; name = MLogManager.h; path = ../../../../../Core/Log/MLogManager.h; sourceTree = "<group>"; };
		FAAD8CD622F13CEE0013C358 /* MString.h */ = {isa = PBXFileReference; fileEncoding = 4; lastKnownFileType = sourcecode.c.h; name = MString.h; path = ../../../../Utility/MString.h; sourceTree = "<group>"; };
		FAAD8CD722F13CEE0013C358 /* MGlobal.h */ = {isa = PBXFileReference; fileEncoding = 4; lastKnownFileType = sourcecode.c.h; name = MGlobal.h; path = ../../../../Utility/MGlobal.h; sourceTree = "<group>"; };
		FAAD8CD822F13CEE0013C358 /* MFunction.h */ = {isa = PBXFileReference; fileEncoding = 4; lastKnownFileType = sourcecode.c.h; name = MFunction.h; path = ../../../../Utility/MFunction.h; sourceTree = "<group>"; };
		FAAD8CD922F13CEE0013C358 /* MSingleInstance.h */ = {isa = PBXFileReference; fileEncoding = 4; lastKnownFileType = sourcecode.c.h; name = MSingleInstance.h; path = ../../../../Utility/MSingleInstance.h; sourceTree = "<group>"; };
		FAAD8CDF22F13CFB0013C358 /* MTimer.h */ = {isa = PBXFileReference; fileEncoding = 4; lastKnownFileType = sourcecode.c.h; name = MTimer.h; path = ../../../../../Utility/Timer/MTimer.h; sourceTree = "<group>"; };
		FAAD8CE022F13CFB0013C358 /* MTimer.cpp */ = {isa = PBXFileReference; fileEncoding = 4; lastKnownFileType = sourcecode.cpp.cpp; name = MTimer.cpp; path = ../../../../../Utility/Timer/MTimer.cpp; sourceTree = "<group>"; };
		FACAC05B22F97A5B0059C5DF /* M3DNode.cpp */ = {isa = PBXFileReference; fileEncoding = 4; lastKnownFileType = sourcecode.cpp.cpp; name = M3DNode.cpp; path = ../../../../Scene/M3DNode.cpp; sourceTree = "<group>"; };
		FACAC05C22F97A5B0059C5DF /* M3DNode.h */ = {isa = PBXFileReference; fileEncoding = 4; lastKnownFileType = sourcecode.c.h; name = M3DNode.h; path = ../../../../Scene/M3DNode.h; sourceTree = "<group>"; };
		FACAC05D22F97A5B0059C5DF /* MNode.h */ = {isa = PBXFileReference; fileEncoding = 4; lastKnownFileType = sourcecode.c.h; name = MNode.h; path = ../../../../Scene/MNode.h; sourceTree = "<group>"; };
		FACAC05E22F97A5B0059C5DF /* M3DMeshInstance.h */ = {isa = PBXFileReference; fileEncoding = 4; lastKnownFileType = sourcecode.c.h; name = M3DMeshInstance.h; path = ../../../../Scene/M3DMeshInstance.h; sourceTree = "<group>"; };
		FACAC05F22F97A5B0059C5DF /* M3DMeshInstance.cpp */ = {isa = PBXFileReference; fileEncoding = 4; lastKnownFileType = sourcecode.cpp.cpp; name = M3DMeshInstance.cpp; path = ../../../../Scene/M3DMeshInstance.cpp; sourceTree = "<group>"; };
		FACAC06022F97A5B0059C5DF /* MNode.cpp */ = {isa = PBXFileReference; fileEncoding = 4; lastKnownFileType = sourcecode.cpp.cpp; name = MNode.cpp; path = ../../../../Scene/MNode.cpp; sourceTree = "<group>"; };
		FACAC08E22F97D020059C5DF /* libMath3D.dylib */ = {isa = PBXFileReference; explicitFileType = "compiled.mach-o.dylib"; path = libMath3D.dylib; sourceTree = BUILT_PRODUCTS_DIR; };
		FACAC09222F980220059C5DF /* MMesh.h */ = {isa = PBXFileReference; fileEncoding = 4; lastKnownFileType = sourcecode.c.h; name = MMesh.h; path = ../../../../Core/MMesh.h; sourceTree = "<group>"; };
		FACAC09322F980220059C5DF /* MMesh.cpp */ = {isa = PBXFileReference; fileEncoding = 4; lastKnownFileType = sourcecode.cpp.cpp; name = MMesh.cpp; path = ../../../../Core/MMesh.cpp; sourceTree = "<group>"; };
		FACAC09622F9849E0059C5DF /* MModel.h */ = {isa = PBXFileReference; fileEncoding = 4; lastKnownFileType = sourcecode.c.h; name = MModel.h; path = ../../../../Core/MModel.h; sourceTree = "<group>"; };
		FACAC09722F9849E0059C5DF /* MModel.cpp */ = {isa = PBXFileReference; fileEncoding = 4; lastKnownFileType = sourcecode.cpp.cpp; name = MModel.cpp; path = ../../../../Core/MModel.cpp; sourceTree = "<group>"; };
		FACAC0A022F986330059C5DF /* MResource.cpp */ = {isa = PBXFileReference; fileEncoding = 4; lastKnownFileType = sourcecode.cpp.cpp; name = MResource.cpp; path = ../../../../ResourceLoader/MResource.cpp; sourceTree = "<group>"; };
		FACAC0A122F986330059C5DF /* MResource.h */ = {isa = PBXFileReference; fileEncoding = 4; lastKnownFileType = sourcecode.c.h; name = MResource.h; path = ../../../../ResourceLoader/MResource.h; sourceTree = "<group>"; };
		FACAC0A422F9865B0059C5DF /* MModelResource.cpp */ = {isa = PBXFileReference; fileEncoding = 4; lastKnownFileType = sourcecode.cpp.cpp; name = MModelResource.cpp; path = ../../../../../ResourceLoader/Model/MModelResource.cpp; sourceTree = "<group>"; };
		FACAC0A522F9865B0059C5DF /* MModelResource.h */ = {isa = PBXFileReference; fileEncoding = 4; lastKnownFileType = sourcecode.c.h; name = MModelResource.h; path = ../../../../../ResourceLoader/Model/MModelResource.h; sourceTree = "<group>"; };
		FACAC0A622F9865B0059C5DF /* MModelLoader.h */ = {isa = PBXFileReference; fileEncoding = 4; lastKnownFileType = sourcecode.c.h; name = MModelLoader.h; path = ../../../../../ResourceLoader/Model/MModelLoader.h; sourceTree = "<group>"; };
		FACAC0A722F9865B0059C5DF /* MModelLoader.cpp */ = {isa = PBXFileReference; fileEncoding = 4; lastKnownFileType = sourcecode.cpp.cpp; name = MModelLoader.cpp; path = ../../../../../ResourceLoader/Model/MModelLoader.cpp; sourceTree = "<group>"; };
		FACAC0AC22F987190059C5DF /* MResourceLoader.cpp */ = {isa = PBXFileReference; fileEncoding = 4; lastKnownFileType = sourcecode.cpp.cpp; name = MResourceLoader.cpp; path = ../../../../ResourceLoader/MResourceLoader.cpp; sourceTree = "<group>"; };
		FACAC0AD22F987190059C5DF /* MResourceLoader.h */ = {isa = PBXFileReference; fileEncoding = 4; lastKnownFileType = sourcecode.c.h; name = MResourceLoader.h; path = ../../../../ResourceLoader/MResourceLoader.h; sourceTree = "<group>"; };
		FACAC0B022F9906D0059C5DF /* MIDPool.h */ = {isa = PBXFileReference; fileEncoding = 4; lastKnownFileType = sourcecode.c.h; name = MIDPool.h; path = ../../../../Utility/MIDPool.h; sourceTree = "<group>"; };
		FACAC0D822F99A610059C5DF /* libassimp.5.dylib */ = {isa = PBXFileReference; lastKnownFileType = "compiled.mach-o.dylib"; name = libassimp.5.dylib; path = ../../../ThirdParty/Assimp/lib/mac/libassimp.5.dylib; sourceTree = "<group>"; };
		FACAC0D922F99A610059C5DF /* libIrrXML.dylib */ = {isa = PBXFileReference; lastKnownFileType = "compiled.mach-o.dylib"; name = libIrrXML.dylib; path = ../../../ThirdParty/Assimp/lib/mac/libIrrXML.dylib; sourceTree = "<group>"; };
		FAF92C1722F04C08000937C4 /* libMorty.dylib */ = {isa = PBXFileReference; explicitFileType = "compiled.mach-o.dylib"; includeInIndex = 0; path = libMorty.dylib; sourceTree = BUILT_PRODUCTS_DIR; };
/* End PBXFileReference section */

/* Begin PBXFrameworksBuildPhase section */
		FAF92C1522F04C08000937C4 /* Frameworks */ = {
			isa = PBXFrameworksBuildPhase;
			buildActionMask = 2147483647;
			files = (
				FACAC0DA22F99A610059C5DF /* libassimp.5.dylib in Frameworks */,
				FACAC0DB22F99A610059C5DF /* libIrrXML.dylib in Frameworks */,
				FACAC08F22F97D020059C5DF /* libMath3D.dylib in Frameworks */,
			);
			runOnlyForDeploymentPostprocessing = 0;
		};
/* End PBXFrameworksBuildPhase section */

/* Begin PBXGroup section */
		FAAD8CB922F13C930013C358 /* Morty */ = {
			isa = PBXGroup;
			children = (
				FACAC09A22F985A50059C5DF /* ResourceLoader */,
				FACAC05A22F97A500059C5DF /* Scene */,
				FAAD8CD522F13CDE0013C358 /* Utility */,
				FAAD8CBA22F13CA00013C358 /* Core */,
			);
			path = Morty;
			sourceTree = "<group>";
		};
		FAAD8CBA22F13CA00013C358 /* Core */ = {
			isa = PBXGroup;
			children = (
				FAAD8CD022F13CCB0013C358 /* Log */,
				FAAD8CC322F13CB30013C358 /* Engine */,
				FAAD8CBC22F13CAC0013C358 /* MNotifyManager.cpp */,
				FAAD8CBE22F13CAC0013C358 /* MNotifyManager.h */,
				FAAD8CBD22F13CAC0013C358 /* MObject.cpp */,
				FAAD8CBB22F13CAC0013C358 /* MObject.h */,
				FACAC09322F980220059C5DF /* MMesh.cpp */,
				FACAC09222F980220059C5DF /* MMesh.h */,
				FACAC09722F9849E0059C5DF /* MModel.cpp */,
				FACAC09622F9849E0059C5DF /* MModel.h */,
			);
			path = Core;
			sourceTree = "<group>";
		};
		FAAD8CC322F13CB30013C358 /* Engine */ = {
			isa = PBXGroup;
			children = (
				FAAD8CC522F13CBF0013C358 /* MEngine.cpp */,
				FAAD8CC722F13CBF0013C358 /* MEngine.h */,
				FAAD8CC622F13CBF0013C358 /* MIRenderer.cpp */,
				FAAD8CC922F13CBF0013C358 /* MIRenderer.h */,
				FAAD8CC822F13CBF0013C358 /* MIRenderView.cpp */,
				FAAD8CC422F13CBF0013C358 /* MIRenderView.h */,
			);
			path = Engine;
			sourceTree = "<group>";
		};
		FAAD8CD022F13CCB0013C358 /* Log */ = {
			isa = PBXGroup;
			children = (
				FAAD8CD122F13CD20013C358 /* MLogManager.cpp */,
				FAAD8CD222F13CD20013C358 /* MLogManager.h */,
			);
			path = Log;
			sourceTree = "<group>";
		};
		FAAD8CD522F13CDE0013C358 /* Utility */ = {
			isa = PBXGroup;
			children = (
				FAAD8CDE22F13CF00013C358 /* Timer */,
				FAAD8CD822F13CEE0013C358 /* MFunction.h */,
				FAAD8CD722F13CEE0013C358 /* MGlobal.h */,
				FAAD8CD922F13CEE0013C358 /* MSingleInstance.h */,
				FAAD8CD622F13CEE0013C358 /* MString.h */,
				FACAC0B022F9906D0059C5DF /* MIDPool.h */,
			);
			path = Utility;
			sourceTree = "<group>";
		};
		FAAD8CDE22F13CF00013C358 /* Timer */ = {
			isa = PBXGroup;
			children = (
				FAAD8CE022F13CFB0013C358 /* MTimer.cpp */,
				FAAD8CDF22F13CFB0013C358 /* MTimer.h */,
			);
			path = Timer;
			sourceTree = "<group>";
		};
		FAAD8CF022F419CD0013C358 /* Frameworks */ = {
			isa = PBXGroup;
			children = (
				FACAC0D822F99A610059C5DF /* libassimp.5.dylib */,
				FACAC0D922F99A610059C5DF /* libIrrXML.dylib */,
				FACAC08E22F97D020059C5DF /* libMath3D.dylib */,
			);
			name = Frameworks;
			sourceTree = "<group>";
		};
		FACAC05A22F97A500059C5DF /* Scene */ = {
			isa = PBXGroup;
			children = (
				FACAC05F22F97A5B0059C5DF /* M3DMeshInstance.cpp */,
				FACAC05E22F97A5B0059C5DF /* M3DMeshInstance.h */,
				FACAC05B22F97A5B0059C5DF /* M3DNode.cpp */,
				FACAC05C22F97A5B0059C5DF /* M3DNode.h */,
				FACAC06022F97A5B0059C5DF /* MNode.cpp */,
				FACAC05D22F97A5B0059C5DF /* MNode.h */,
			);
			path = Scene;
			sourceTree = "<group>";
		};
		FACAC09A22F985A50059C5DF /* ResourceLoader */ = {
			isa = PBXGroup;
			children = (
				FACAC0AC22F987190059C5DF /* MResourceLoader.cpp */,
				FACAC0AD22F987190059C5DF /* MResourceLoader.h */,
				FACAC0A022F986330059C5DF /* MResource.cpp */,
				FACAC0A122F986330059C5DF /* MResource.h */,
				FACAC09B22F985D80059C5DF /* Model */,
			);
			path = ResourceLoader;
			sourceTree = "<group>";
		};
		FACAC09B22F985D80059C5DF /* Model */ = {
			isa = PBXGroup;
			children = (
				FACAC0A722F9865B0059C5DF /* MModelLoader.cpp */,
				FACAC0A622F9865B0059C5DF /* MModelLoader.h */,
				FACAC0A422F9865B0059C5DF /* MModelResource.cpp */,
				FACAC0A522F9865B0059C5DF /* MModelResource.h */,
			);
			path = Model;
			sourceTree = "<group>";
		};
		FAF92C0E22F04C08000937C4 = {
			isa = PBXGroup;
			children = (
				FAAD8CB922F13C930013C358 /* Morty */,
				FAF92C1822F04C08000937C4 /* Products */,
				FAAD8CF022F419CD0013C358 /* Frameworks */,
			);
			sourceTree = "<group>";
		};
		FAF92C1822F04C08000937C4 /* Products */ = {
			isa = PBXGroup;
			children = (
				FAF92C1722F04C08000937C4 /* libMorty.dylib */,
			);
			name = Products;
			sourceTree = "<group>";
		};
/* End PBXGroup section */

/* Begin PBXHeadersBuildPhase section */
		FAF92C1322F04C08000937C4 /* Headers */ = {
			isa = PBXHeadersBuildPhase;
			buildActionMask = 2147483647;
			files = (
				FAAD8CCA22F13CBF0013C358 /* MIRenderView.h in Headers */,
				FACAC0B122F9906D0059C5DF /* MIDPool.h in Headers */,
				FACAC06422F97A5B0059C5DF /* M3DMeshInstance.h in Headers */,
				FAAD8CDD22F13CEE0013C358 /* MSingleInstance.h in Headers */,
				FACAC0AA22F9865B0059C5DF /* MModelLoader.h in Headers */,
				FACAC0A322F986330059C5DF /* MResource.h in Headers */,
				FAAD8CDA22F13CEE0013C358 /* MString.h in Headers */,
				FAAD8CBF22F13CAC0013C358 /* MObject.h in Headers */,
				FACAC0AF22F987190059C5DF /* MResourceLoader.h in Headers */,
				FAAD8CCD22F13CBF0013C358 /* MEngine.h in Headers */,
				FACAC06322F97A5B0059C5DF /* MNode.h in Headers */,
				FAAD8CDC22F13CEE0013C358 /* MFunction.h in Headers */,
				FAAD8CC222F13CAC0013C358 /* MNotifyManager.h in Headers */,
				FACAC06222F97A5B0059C5DF /* M3DNode.h in Headers */,
				FAAD8CDB22F13CEE0013C358 /* MGlobal.h in Headers */,
				FACAC0A922F9865B0059C5DF /* MModelResource.h in Headers */,
				FAAD8CCF22F13CBF0013C358 /* MIRenderer.h in Headers */,
				FACAC09422F980220059C5DF /* MMesh.h in Headers */,
				FAAD8CD422F13CD20013C358 /* MLogManager.h in Headers */,
				FACAC09822F9849E0059C5DF /* MModel.h in Headers */,
				FAAD8CE122F13CFB0013C358 /* MTimer.h in Headers */,
			);
			runOnlyForDeploymentPostprocessing = 0;
		};
/* End PBXHeadersBuildPhase section */

/* Begin PBXNativeTarget section */
		FAF92C1622F04C08000937C4 /* Morty */ = {
			isa = PBXNativeTarget;
			buildConfigurationList = FAF92C2222F04C08000937C4 /* Build configuration list for PBXNativeTarget "Morty" */;
			buildPhases = (
				FAF92C1322F04C08000937C4 /* Headers */,
				FAF92C1422F04C08000937C4 /* Sources */,
				FAF92C1522F04C08000937C4 /* Frameworks */,
				FAAD8CF722F4342E0013C358 /* CopyFiles */,
			);
			buildRules = (
			);
			dependencies = (
			);
			name = Morty;
			productName = Morty;
			productReference = FAF92C1722F04C08000937C4 /* libMorty.dylib */;
			productType = "com.apple.product-type.library.dynamic";
		};
/* End PBXNativeTarget section */

/* Begin PBXProject section */
		FAF92C0F22F04C08000937C4 /* Project object */ = {
			isa = PBXProject;
			attributes = {
				LastUpgradeCheck = 1000;
				ORGANIZATIONNAME = DoubleYe;
				TargetAttributes = {
					FAF92C1622F04C08000937C4 = {
						CreatedOnToolsVersion = 10.0;
					};
				};
			};
			buildConfigurationList = FAF92C1222F04C08000937C4 /* Build configuration list for PBXProject "Morty" */;
			compatibilityVersion = "Xcode 9.3";
			developmentRegion = en;
			hasScannedForEncodings = 0;
			knownRegions = (
				en,
			);
			mainGroup = FAF92C0E22F04C08000937C4;
			productRefGroup = FAF92C1822F04C08000937C4 /* Products */;
			projectDirPath = "";
			projectRoot = "";
			targets = (
				FAF92C1622F04C08000937C4 /* Morty */,
			);
		};
/* End PBXProject section */

/* Begin PBXSourcesBuildPhase section */
		FAF92C1422F04C08000937C4 /* Sources */ = {
			isa = PBXSourcesBuildPhase;
			buildActionMask = 2147483647;
			files = (
				FACAC0AE22F987190059C5DF /* MResourceLoader.cpp in Sources */,
				FACAC09522F980220059C5DF /* MMesh.cpp in Sources */,
				FAAD8CCC22F13CBF0013C358 /* MIRenderer.cpp in Sources */,
				FACAC06122F97A5B0059C5DF /* M3DNode.cpp in Sources */,
				FACAC06522F97A5B0059C5DF /* M3DMeshInstance.cpp in Sources */,
				FACAC0A222F986330059C5DF /* MResource.cpp in Sources */,
				FAAD8CCB22F13CBF0013C358 /* MEngine.cpp in Sources */,
				FACAC06622F97A5B0059C5DF /* MNode.cpp in Sources */,
				FACAC0A822F9865B0059C5DF /* MModelResource.cpp in Sources */,
				FACAC0AB22F9865B0059C5DF /* MModelLoader.cpp in Sources */,
				FAAD8CD322F13CD20013C358 /* MLogManager.cpp in Sources */,
				FACAC09922F9849E0059C5DF /* MModel.cpp in Sources */,
				FAAD8CC122F13CAC0013C358 /* MObject.cpp in Sources */,
				FAAD8CE222F13CFB0013C358 /* MTimer.cpp in Sources */,
				FAAD8CC022F13CAC0013C358 /* MNotifyManager.cpp in Sources */,
				FAAD8CCE22F13CBF0013C358 /* MIRenderView.cpp in Sources */,
			);
			runOnlyForDeploymentPostprocessing = 0;
		};
/* End PBXSourcesBuildPhase section */

/* Begin XCBuildConfiguration section */
		FAF92C2022F04C08000937C4 /* Debug */ = {
			isa = XCBuildConfiguration;
			buildSettings = {
				ALWAYS_SEARCH_USER_PATHS = NO;
				CLANG_ANALYZER_NONNULL = YES;
				CLANG_ANALYZER_NUMBER_OBJECT_CONVERSION = YES_AGGRESSIVE;
				CLANG_CXX_LANGUAGE_STANDARD = "gnu++14";
				CLANG_CXX_LIBRARY = "libc++";
				CLANG_ENABLE_MODULES = YES;
				CLANG_ENABLE_OBJC_ARC = YES;
				CLANG_ENABLE_OBJC_WEAK = YES;
				CLANG_WARN_BLOCK_CAPTURE_AUTORELEASING = YES;
				CLANG_WARN_BOOL_CONVERSION = YES;
				CLANG_WARN_COMMA = YES;
				CLANG_WARN_CONSTANT_CONVERSION = YES;
				CLANG_WARN_DEPRECATED_OBJC_IMPLEMENTATIONS = YES;
				CLANG_WARN_DIRECT_OBJC_ISA_USAGE = YES_ERROR;
				CLANG_WARN_DOCUMENTATION_COMMENTS = YES;
				CLANG_WARN_EMPTY_BODY = YES;
				CLANG_WARN_ENUM_CONVERSION = YES;
				CLANG_WARN_INFINITE_RECURSION = YES;
				CLANG_WARN_INT_CONVERSION = YES;
				CLANG_WARN_NON_LITERAL_NULL_CONVERSION = YES;
				CLANG_WARN_OBJC_IMPLICIT_RETAIN_SELF = YES;
				CLANG_WARN_OBJC_LITERAL_CONVERSION = YES;
				CLANG_WARN_OBJC_ROOT_CLASS = YES_ERROR;
				CLANG_WARN_RANGE_LOOP_ANALYSIS = YES;
				CLANG_WARN_STRICT_PROTOTYPES = YES;
				CLANG_WARN_SUSPICIOUS_MOVE = YES;
				CLANG_WARN_UNGUARDED_AVAILABILITY = YES_AGGRESSIVE;
				CLANG_WARN_UNREACHABLE_CODE = YES;
				CLANG_WARN__DUPLICATE_METHOD_MATCH = YES;
				CODE_SIGN_IDENTITY = "Mac Developer";
				COPY_PHASE_STRIP = NO;
				DEBUG_INFORMATION_FORMAT = dwarf;
				ENABLE_STRICT_OBJC_MSGSEND = YES;
				ENABLE_TESTABILITY = YES;
				GCC_C_LANGUAGE_STANDARD = gnu11;
				GCC_DYNAMIC_NO_PIC = NO;
				GCC_NO_COMMON_BLOCKS = YES;
				GCC_OPTIMIZATION_LEVEL = 0;
				GCC_PREPROCESSOR_DEFINITIONS = (
					"DEBUG=1",
					"$(inherited)",
				);
				GCC_WARN_64_TO_32_BIT_CONVERSION = YES;
				GCC_WARN_ABOUT_RETURN_TYPE = YES_ERROR;
				GCC_WARN_UNDECLARED_SELECTOR = YES;
				GCC_WARN_UNINITIALIZED_AUTOS = YES_AGGRESSIVE;
				GCC_WARN_UNUSED_FUNCTION = YES;
				GCC_WARN_UNUSED_VARIABLE = YES;
				MACOSX_DEPLOYMENT_TARGET = 10.13;
				MTL_ENABLE_DEBUG_INFO = INCLUDE_SOURCE;
				MTL_FAST_MATH = YES;
				ONLY_ACTIVE_ARCH = YES;
				SDKROOT = macosx;
				VALID_ARCHS = "i386 x86_64";
			};
			name = Debug;
		};
		FAF92C2122F04C08000937C4 /* Release */ = {
			isa = XCBuildConfiguration;
			buildSettings = {
				ALWAYS_SEARCH_USER_PATHS = NO;
				CLANG_ANALYZER_NONNULL = YES;
				CLANG_ANALYZER_NUMBER_OBJECT_CONVERSION = YES_AGGRESSIVE;
				CLANG_CXX_LANGUAGE_STANDARD = "gnu++14";
				CLANG_CXX_LIBRARY = "libc++";
				CLANG_ENABLE_MODULES = YES;
				CLANG_ENABLE_OBJC_ARC = YES;
				CLANG_ENABLE_OBJC_WEAK = YES;
				CLANG_WARN_BLOCK_CAPTURE_AUTORELEASING = YES;
				CLANG_WARN_BOOL_CONVERSION = YES;
				CLANG_WARN_COMMA = YES;
				CLANG_WARN_CONSTANT_CONVERSION = YES;
				CLANG_WARN_DEPRECATED_OBJC_IMPLEMENTATIONS = YES;
				CLANG_WARN_DIRECT_OBJC_ISA_USAGE = YES_ERROR;
				CLANG_WARN_DOCUMENTATION_COMMENTS = YES;
				CLANG_WARN_EMPTY_BODY = YES;
				CLANG_WARN_ENUM_CONVERSION = YES;
				CLANG_WARN_INFINITE_RECURSION = YES;
				CLANG_WARN_INT_CONVERSION = YES;
				CLANG_WARN_NON_LITERAL_NULL_CONVERSION = YES;
				CLANG_WARN_OBJC_IMPLICIT_RETAIN_SELF = YES;
				CLANG_WARN_OBJC_LITERAL_CONVERSION = YES;
				CLANG_WARN_OBJC_ROOT_CLASS = YES_ERROR;
				CLANG_WARN_RANGE_LOOP_ANALYSIS = YES;
				CLANG_WARN_STRICT_PROTOTYPES = YES;
				CLANG_WARN_SUSPICIOUS_MOVE = YES;
				CLANG_WARN_UNGUARDED_AVAILABILITY = YES_AGGRESSIVE;
				CLANG_WARN_UNREACHABLE_CODE = YES;
				CLANG_WARN__DUPLICATE_METHOD_MATCH = YES;
				CODE_SIGN_IDENTITY = "Mac Developer";
				COPY_PHASE_STRIP = NO;
				DEBUG_INFORMATION_FORMAT = "dwarf-with-dsym";
				ENABLE_NS_ASSERTIONS = NO;
				ENABLE_STRICT_OBJC_MSGSEND = YES;
				GCC_C_LANGUAGE_STANDARD = gnu11;
				GCC_NO_COMMON_BLOCKS = YES;
				GCC_WARN_64_TO_32_BIT_CONVERSION = YES;
				GCC_WARN_ABOUT_RETURN_TYPE = YES_ERROR;
				GCC_WARN_UNDECLARED_SELECTOR = YES;
				GCC_WARN_UNINITIALIZED_AUTOS = YES_AGGRESSIVE;
				GCC_WARN_UNUSED_FUNCTION = YES;
				GCC_WARN_UNUSED_VARIABLE = YES;
				MACOSX_DEPLOYMENT_TARGET = 10.13;
				MTL_ENABLE_DEBUG_INFO = NO;
				MTL_FAST_MATH = YES;
				SDKROOT = macosx;
				VALID_ARCHS = "i386 x86_64";
			};
			name = Release;
		};
		FAF92C2322F04C08000937C4 /* Debug */ = {
			isa = XCBuildConfiguration;
			buildSettings = {
				ALWAYS_SEARCH_USER_PATHS = YES;
				CODE_SIGN_STYLE = Automatic;
				DEVELOPMENT_TEAM = L8DNJAKB7A;
				DYLIB_COMPATIBILITY_VERSION = 1;
				DYLIB_CURRENT_VERSION = 1;
				EXECUTABLE_PREFIX = lib;
				GCC_ENABLE_CPP_EXCEPTIONS = YES;
				GCC_ENABLE_CPP_RTTI = YES;
				GCC_PREPROCESSOR_DEFINITIONS = (
					"DEBUG=1",
					"$(inherited)",
					"MORTY_EXPORTS=1",
				);
				GCC_SYMBOLS_PRIVATE_EXTERN = YES;
				HEADER_SEARCH_PATHS = (
					"\"$(SRCROOT)/../../../Core\"",
					"\"$(SRCROOT)/../../../Core/2D\"",
					"\"$(SRCROOT)/../../../Core/Engine\"",
					"\"$(SRCROOT)/../../../Core/Log\"",
					"\"$(SRCROOT)/../../../Scene\"",
					"\"$(SRCROOT)/../../../Utility\"",
					"\"$(SRCROOT)/../../../Utility/Timer\"",
					"\"$(SRCROOT)/../../ResourceLoader\"",
					"\"$(SRCROOT)/../../ResourceLoader/Model\"",
					/Users/momo/Morty/Morty/Math3D/Math3D/Math3D/Math,
					"\"/Applications/Autodesk/FBX SDK/2019.0/include\"",
					/Users/momo/Morty/Morty/ThirdParty/Assimp/include,
				);
				LIBRARY_SEARCH_PATHS = (
					"\"/Applications/Autodesk/FBX SDK/2019.0/lib/clang/debug\"",
					"\"$(SRCROOT)/../../../ThirdParty/Assimp/lib/mac\"",
				);
				PRODUCT_NAME = "$(TARGET_NAME)";
				SKIP_INSTALL = YES;
			};
			name = Debug;
		};
		FAF92C2422F04C08000937C4 /* Release */ = {
			isa = XCBuildConfiguration;
			buildSettings = {
				ALWAYS_SEARCH_USER_PATHS = YES;
				CODE_SIGN_STYLE = Automatic;
				DEVELOPMENT_TEAM = L8DNJAKB7A;
				DYLIB_COMPATIBILITY_VERSION = 1;
				DYLIB_CURRENT_VERSION = 1;
				EXECUTABLE_PREFIX = lib;
				GCC_ENABLE_CPP_EXCEPTIONS = YES;
				GCC_ENABLE_CPP_RTTI = YES;
				GCC_PREPROCESSOR_DEFINITIONS = "MORTY_EXPORTS=1";
				GCC_SYMBOLS_PRIVATE_EXTERN = YES;
				HEADER_SEARCH_PATHS = (
					"\"$(SRCROOT)/../../../Core\"",
					"\"$(SRCROOT)/../../../Core/2D\"",
					"\"$(SRCROOT)/../../../Core/Engine\"",
					"\"$(SRCROOT)/../../../Core/Log\"",
					"\"$(SRCROOT)/../../../Scene\"",
					"\"$(SRCROOT)/../../../Utility\"",
					"\"$(SRCROOT)/../../../Utility/Timer\"",
					"\"$(SRCROOT)/../../ResourceLoader\"",
					"\"$(SRCROOT)/../../ResourceLoader/Model\"",
					/Users/momo/Morty/Morty/Math3D/Math3D/Math3D/Math,
					"\"/Applications/Autodesk/FBX SDK/2019.0/include\"",
					/Users/momo/Morty/Morty/ThirdParty/Assimp/include,
				);
				LIBRARY_SEARCH_PATHS = (
					"\"/Applications/Autodesk/FBX SDK/2019.0/lib/clang/release\"",
					"\"$(SRCROOT)/../../../ThirdParty/Assimp/lib/mac\"",
				);
				PRODUCT_NAME = "$(TARGET_NAME)";
				SKIP_INSTALL = YES;
			};
			name = Release;
		};
/* End XCBuildConfiguration section */

/* Begin XCConfigurationList section */
		FAF92C1222F04C08000937C4 /* Build configuration list for PBXProject "Morty" */ = {
			isa = XCConfigurationList;
			buildConfigurations = (
				FAF92C2022F04C08000937C4 /* Debug */,
				FAF92C2122F04C08000937C4 /* Release */,
			);
			defaultConfigurationIsVisible = 0;
			defaultConfigurationName = Debug;
		};
		FAF92C2222F04C08000937C4 /* Build configuration list for PBXNativeTarget "Morty" */ = {
			isa = XCConfigurationList;
			buildConfigurations = (
				FAF92C2322F04C08000937C4 /* Debug */,
				FAF92C2422F04C08000937C4 /* Release */,
			);
			defaultConfigurationIsVisible = 0;
			defaultConfigurationName = Debug;
		};
/* End XCConfigurationList section */
	};
	rootObject = FAF92C0F22F04C08000937C4 /* Project object */;
}
