<?xml version="1.0" encoding="utf-8"?>
<Project ToolsVersion="4.0" xmlns="http://schemas.microsoft.com/developer/msbuild/2003">
  <ItemGroup>
    <Filter Include="源文件">
      <UniqueIdentifier>{4FC737F1-C7A5-4376-A066-2A32D752A2FF}</UniqueIdentifier>
      <Extensions>cpp;c;cc;cxx;def;odl;idl;hpj;bat;asm;asmx</Extensions>
    </Filter>
    <Filter Include="头文件">
      <UniqueIdentifier>{93995380-89BD-4b04-88EB-625FBE52EBFB}</UniqueIdentifier>
      <Extensions>h;hh;hpp;hxx;hm;inl;inc;ipp;xsd</Extensions>
    </Filter>
    <Filter Include="资源文件">
      <UniqueIdentifier>{67DA6AB6-F800-4c08-8B7A-83BB121AAD01}</UniqueIdentifier>
      <Extensions>rc;ico;cur;bmp;dlg;rc2;rct;bin;rgs;gif;jpg;jpeg;jpe;resx;tiff;tif;png;wav;mfcribbon-ms</Extensions>
    </Filter>
    <Filter Include="ImGUI">
      <UniqueIdentifier>{725c7092-7a9b-4e5f-9eb8-eb3791f616a2}</UniqueIdentifier>
    </Filter>
    <Filter Include="Editor">
      <UniqueIdentifier>{cca2a86d-456d-483d-8c58-71dd1b7fee59}</UniqueIdentifier>
    </Filter>
    <Filter Include="Editor\Property">
      <UniqueIdentifier>{9e194d8d-2794-48d6-8db5-4babb8d9f770}</UniqueIdentifier>
    </Filter>
  </ItemGroup>
  <ItemGroup>
    <ClInclude Include="framework.h">
      <Filter>头文件</Filter>
    </ClInclude>
    <ClInclude Include="pch.h">
      <Filter>头文件</Filter>
    </ClInclude>
    <ClInclude Include="..\..\..\ImGUI\imconfig.h">
      <Filter>ImGUI</Filter>
    </ClInclude>
    <ClInclude Include="..\..\..\ImGUI\imgui.h">
      <Filter>ImGUI</Filter>
    </ClInclude>
    <ClInclude Include="..\..\..\ImGUI\imgui_impl_dx11.h">
      <Filter>ImGUI</Filter>
    </ClInclude>
    <ClInclude Include="..\..\..\ImGUI\imgui_impl_win32.h">
      <Filter>ImGUI</Filter>
    </ClInclude>
    <ClInclude Include="..\..\..\ImGUI\imgui_internal.h">
      <Filter>ImGUI</Filter>
    </ClInclude>
    <ClInclude Include="..\..\..\ImGUI\imstb_rectpack.h">
      <Filter>ImGUI</Filter>
    </ClInclude>
    <ClInclude Include="..\..\..\ImGUI\imstb_textedit.h">
      <Filter>ImGUI</Filter>
    </ClInclude>
    <ClInclude Include="..\..\..\ImGUI\imstb_truetype.h">
      <Filter>ImGUI</Filter>
    </ClInclude>
    <ClInclude Include="..\..\..\Editor\MainEditor.h">
      <Filter>Editor</Filter>
    </ClInclude>
    <ClInclude Include="..\..\..\Editor\PropertyView.h">
      <Filter>Editor</Filter>
    </ClInclude>
    <ClInclude Include="..\..\..\Editor\NodeTreeView.h">
      <Filter>Editor</Filter>
    </ClInclude>
    <ClInclude Include="..\..\..\Editor\Property\PropertyBase.h">
      <Filter>Editor\Property</Filter>
    </ClInclude>
    <ClInclude Include="..\..\..\Editor\Property\PropertyM3DNode.h">
      <Filter>Editor\Property</Filter>
    </ClInclude>
    <ClInclude Include="..\..\..\Editor\Property\PropertyMPointLight.h">
      <Filter>Editor\Property</Filter>
    </ClInclude>
    <ClInclude Include="..\..\..\Editor\Property\PropertyMCamera.h">
      <Filter>Editor\Property</Filter>
    </ClInclude>
  </ItemGroup>
  <ItemGroup>
    <ClCompile Include="MEditor.cpp">
      <Filter>源文件</Filter>
    </ClCompile>
    <ClCompile Include="pch.cpp">
      <Filter>源文件</Filter>
    </ClCompile>
    <ClCompile Include="..\..\..\ImGUI\imgui.cpp">
      <Filter>ImGUI</Filter>
    </ClCompile>
    <ClCompile Include="..\..\..\ImGUI\imgui_demo.cpp">
      <Filter>ImGUI</Filter>
    </ClCompile>
    <ClCompile Include="..\..\..\ImGUI\imgui_draw.cpp">
      <Filter>ImGUI</Filter>
    </ClCompile>
    <ClCompile Include="..\..\..\ImGUI\imgui_impl_dx11.cpp">
      <Filter>ImGUI</Filter>
    </ClCompile>
    <ClCompile Include="..\..\..\ImGUI\imgui_impl_win32.cpp">
      <Filter>ImGUI</Filter>
    </ClCompile>
    <ClCompile Include="..\..\..\ImGUI\imgui_widgets.cpp">
      <Filter>ImGUI</Filter>
    </ClCompile>
    <ClCompile Include="..\..\..\Editor\MainEditor.cpp">
      <Filter>Editor</Filter>
    </ClCompile>
    <ClCompile Include="..\..\..\Editor\PropertyView.cpp">
      <Filter>Editor</Filter>
    </ClCompile>
    <ClCompile Include="..\..\..\Editor\NodeTreeView.cpp">
      <Filter>Editor</Filter>
    </ClCompile>
    <ClCompile Include="..\..\..\Editor\Property\PropertyBase.cpp">
      <Filter>Editor\Property</Filter>
    </ClCompile>
  </ItemGroup>
</Project>