<?xml version="1.0" encoding="utf-8"?>
<Project ToolsVersion="4.0" xmlns="http://schemas.microsoft.com/developer/msbuild/2003">
  <ItemGroup>
    <Filter Include="源文件">
      <UniqueIdentifier>{4FC737F1-C7A5-4376-A066-2A32D752A2FF}</UniqueIdentifier>
      <Extensions>cpp;c;cc;cxx;def;odl;idl;hpj;bat;asm;asmx</Extensions>
    </Filter>
    <Filter Include="头文件">
      <UniqueIdentifier>{93995380-89BD-4b04-88EB-625FBE52EBFB}</UniqueIdentifier>
      <Extensions>h;hh;hpp;hxx;hm;inl;inc;xsd</Extensions>
    </Filter>
    <Filter Include="资源文件">
      <UniqueIdentifier>{67DA6AB6-F800-4c08-8B7A-83BB121AAD01}</UniqueIdentifier>
      <Extensions>rc;ico;cur;bmp;dlg;rc2;rct;bin;rgs;gif;jpg;jpeg;jpe;resx;tiff;tif;png;wav;mfcribbon-ms</Extensions>
    </Filter>
    <Filter Include="Core">
      <UniqueIdentifier>{4ccc3368-be06-4229-b5af-ffa966551f32}</UniqueIdentifier>
    </Filter>
    <Filter Include="Utility">
      <UniqueIdentifier>{788137e5-3eb8-4c19-8a30-66e4a92915d2}</UniqueIdentifier>
    </Filter>
    <Filter Include="Core\Engine">
      <UniqueIdentifier>{8d55da7e-fbed-407a-bcf0-62337267860e}</UniqueIdentifier>
    </Filter>
    <Filter Include="Core\Log">
      <UniqueIdentifier>{975f177e-3d36-42fa-b7a7-ee7a83663643}</UniqueIdentifier>
    </Filter>
    <Filter Include="Utility\Timer">
      <UniqueIdentifier>{b1f1df1d-5d3e-49da-a014-ffdde85f37f0}</UniqueIdentifier>
    </Filter>
    <Filter Include="ResourceLoader">
      <UniqueIdentifier>{43de9fc2-30d7-4f25-bcf6-262a1b532422}</UniqueIdentifier>
    </Filter>
    <Filter Include="ResourceLoader\Model">
      <UniqueIdentifier>{80441bef-12ff-4da1-89b0-96e49cc7e0f2}</UniqueIdentifier>
    </Filter>
    <Filter Include="ResourceLoader\Shader">
      <UniqueIdentifier>{b1a0b3cf-579e-41a5-9b07-f1e7b10e739c}</UniqueIdentifier>
    </Filter>
    <Filter Include="ResourceLoader\Texture">
      <UniqueIdentifier>{88b6dfc2-811f-4c3e-9c02-86e82b58f133}</UniqueIdentifier>
    </Filter>
    <Filter Include="Core\Input">
      <UniqueIdentifier>{b417e77e-05f7-4ef6-a093-39de1ad61168}</UniqueIdentifier>
    </Filter>
    <Filter Include="Core\Renderer">
      <UniqueIdentifier>{3fe0734a-8871-4da6-9dff-23baddc4ca52}</UniqueIdentifier>
    </Filter>
    <Filter Include="Core\Renderer\DirectX11">
      <UniqueIdentifier>{0964fd1a-5c4b-40b1-a3e0-813c467d273b}</UniqueIdentifier>
    </Filter>
    <Filter Include="Utility\Json">
      <UniqueIdentifier>{fd6a0b8d-981a-4fa2-8113-4e15398be760}</UniqueIdentifier>
    </Filter>
    <Filter Include="Core\Painter">
      <UniqueIdentifier>{b8c6faf7-c485-4355-9e69-ffded7c17c4d}</UniqueIdentifier>
    </Filter>
    <Filter Include="Utility\Type">
      <UniqueIdentifier>{e08e5bb9-81a9-47bc-86cc-96a1a131e038}</UniqueIdentifier>
    </Filter>
    <Filter Include="Core\Animation">
      <UniqueIdentifier>{5a652039-0639-4502-90e5-62f17aafea2a}</UniqueIdentifier>
    </Filter>
    <Filter Include="Core\RefCounter">
      <UniqueIdentifier>{19731f6b-b282-4cee-81d4-f8e02a069348}</UniqueIdentifier>
    </Filter>
    <Filter Include="Organizer">
      <UniqueIdentifier>{146e23af-89a9-4708-a04d-3077677cc39f}</UniqueIdentifier>
    </Filter>
    <Filter Include="Organizer\System">
      <UniqueIdentifier>{bc9b7cc4-783b-496a-a3d2-c06f9c19825e}</UniqueIdentifier>
    </Filter>
    <Filter Include="Organizer\Node">
      <UniqueIdentifier>{43643836-230b-433f-bf75-2642d05af951}</UniqueIdentifier>
    </Filter>
    <Filter Include="Organizer\Node\Light">
      <UniqueIdentifier>{30cc7896-292c-4b77-935c-0fde5911ed4e}</UniqueIdentifier>
    </Filter>
    <Filter Include="Organizer\Node\Model">
      <UniqueIdentifier>{036880c0-7683-4d55-945c-7f180909f727}</UniqueIdentifier>
    </Filter>
    <Filter Include="ResourceLoader\Material">
      <UniqueIdentifier>{d3c7e605-aab8-4478-956f-fe272c4fd098}</UniqueIdentifier>
    </Filter>
    <Filter Include="Organizer\Component">
      <UniqueIdentifier>{1451a60e-2242-49f9-b65e-4ff1e0e19064}</UniqueIdentifier>
    </Filter>
    <Filter Include="ResourceLoader\Node">
      <UniqueIdentifier>{318b8f66-d8a3-4ca9-ba5f-e161c950207b}</UniqueIdentifier>
    </Filter>
  </ItemGroup>
  <ItemGroup>
    <Text Include="../../ReadMe.txt" />
  </ItemGroup>
  <ItemGroup>
    <ClInclude Include="../../stdafx.h">
      <Filter>头文件</Filter>
    </ClInclude>
    <ClInclude Include="../../targetver.h">
      <Filter>头文件</Filter>
    </ClInclude>
    <ClInclude Include="../../Utility\MGlobal.h">
      <Filter>Utility</Filter>
    </ClInclude>
    <ClInclude Include="../../Core\Engine\MEngine.h">
      <Filter>Core\Engine</Filter>
    </ClInclude>
    <ClInclude Include="../../Core\Engine\MIRenderView.h">
      <Filter>Core\Engine</Filter>
    </ClInclude>
    <ClInclude Include="../../Utility\MSingleInstance.h">
      <Filter>Utility</Filter>
    </ClInclude>
    <ClInclude Include="../../Utility\MFunction.h">
      <Filter>Utility</Filter>
    </ClInclude>
    <ClInclude Include="../../Core\Log\MLogManager.h">
      <Filter>Core\Log</Filter>
    </ClInclude>
    <ClInclude Include="../../Utility\Timer\MTimer.h">
      <Filter>Utility\Timer</Filter>
    </ClInclude>
    <ClInclude Include="../../Utility\MString.h">
      <Filter>Utility</Filter>
    </ClInclude>
    <ClInclude Include="../../Core\MObject.h">
      <Filter>Core</Filter>
    </ClInclude>
    <ClInclude Include="..\..\ResourceLoader\MResource.h">
      <Filter>ResourceLoader</Filter>
    </ClInclude>
    <ClInclude Include="..\..\ResourceLoader\MResourceLoader.h">
      <Filter>ResourceLoader</Filter>
    </ClInclude>
    <ClInclude Include="..\..\ResourceLoader\Model\MModelResource.h">
      <Filter>ResourceLoader\Model</Filter>
    </ClInclude>
    <ClInclude Include="..\..\ResourceLoader\MResourceManager.h">
      <Filter>ResourceLoader</Filter>
    </ClInclude>
    <ClInclude Include="..\..\ResourceLoader\Shader\MShaderResource.h">
      <Filter>ResourceLoader\Shader</Filter>
    </ClInclude>
    <ClInclude Include="..\..\Core\MMaterial.h">
      <Filter>Core</Filter>
    </ClInclude>
    <ClInclude Include="..\..\ResourceLoader\Texture\MTextureResource.h">
      <Filter>ResourceLoader\Texture</Filter>
    </ClInclude>
    <ClInclude Include="..\..\Core\Input\MInputManager.h">
      <Filter>Core\Input</Filter>
    </ClInclude>
    <ClInclude Include="..\..\Core\Renderer\MIRenderer.h">
      <Filter>Core\Renderer</Filter>
    </ClInclude>
    <ClInclude Include="..\..\Core\Renderer\DirectX11\MDirectX11Renderer.h">
      <Filter>Core\Renderer\DirectX11</Filter>
    </ClInclude>
    <ClInclude Include="..\..\Core\Renderer\DirectX11\MWindowsRenderView.h">
      <Filter>Core\Renderer\DirectX11</Filter>
    </ClInclude>
    <ClInclude Include="..\..\Core\Renderer\MVertex.h">
      <Filter>Core\Renderer</Filter>
    </ClInclude>
    <ClInclude Include="..\..\Core\Renderer\MMesh.h">
      <Filter>Core\Renderer</Filter>
    </ClInclude>
    <ClInclude Include="..\..\Core\Renderer\MShader.h">
      <Filter>Core\Renderer</Filter>
    </ClInclude>
    <ClInclude Include="..\..\Core\Renderer\MTexture.h">
      <Filter>Core\Renderer</Filter>
    </ClInclude>
    <ClInclude Include="..\..\Core\Renderer\MIDevice.h">
      <Filter>Core\Renderer</Filter>
    </ClInclude>
    <ClInclude Include="..\..\Core\Renderer\DirectX11\MDirectX11Device.h">
      <Filter>Core\Renderer\DirectX11</Filter>
    </ClInclude>
    <ClInclude Include="..\..\Core\MSkyBox.h">
      <Filter>Core</Filter>
    </ClInclude>
    <ClInclude Include="..\..\ResourceLoader\Texture\MTextureCubeResource.h">
      <Filter>ResourceLoader\Texture</Filter>
    </ClInclude>
    <ClInclude Include="..\..\Core\MTransform.h">
      <Filter>Core</Filter>
    </ClInclude>
    <ClInclude Include="..\..\Core\Renderer\MVariant.h">
      <Filter>Core\Renderer</Filter>
    </ClInclude>
    <ClInclude Include="..\..\ResourceLoader\MFileHelper.h">
      <Filter>ResourceLoader</Filter>
    </ClInclude>
    <ClInclude Include="..\..\Utility\Json\MJson.h">
      <Filter>Utility\Json</Filter>
    </ClInclude>
    <ClInclude Include="..\..\Core\Painter\MPainter.h">
      <Filter>Core\Painter</Filter>
    </ClInclude>
    <ClInclude Include="..\..\Utility\Type\MColor.h">
      <Filter>Utility\Type</Filter>
    </ClInclude>
    <ClInclude Include="..\..\Utility\Type\MType.h">
      <Filter>Utility\Type</Filter>
    </ClInclude>
    <ClInclude Include="..\..\Core\MBounds.h">
      <Filter>Core</Filter>
    </ClInclude>
    <ClInclude Include="..\..\Core\MSkeleton.h">
      <Filter>Core</Filter>
    </ClInclude>
    <ClInclude Include="..\..\Core\Renderer\MRenderStructure.h">
      <Filter>Core\Renderer</Filter>
    </ClInclude>
    <ClInclude Include="..\..\Core\Animation\MIAnimation.h">
      <Filter>Core\Animation</Filter>
    </ClInclude>
    <ClInclude Include="..\..\Core\Animation\MSkeletalAnimation.h">
      <Filter>Core\Animation</Filter>
    </ClInclude>
    <ClInclude Include="..\..\Utility\MMath.h">
      <Filter>Utility</Filter>
    </ClInclude>
    <ClInclude Include="..\..\Core\RefCounter\MRefCounter.h">
      <Filter>Core\RefCounter</Filter>
    </ClInclude>
    <ClInclude Include="..\..\Utility\MTypedClass.h">
      <Filter>Utility</Filter>
    </ClInclude>
    <ClInclude Include="..\..\Core\Renderer\MIRenderTarget.h">
      <Filter>Core\Renderer</Filter>
    </ClInclude>
    <ClInclude Include="..\..\Core\Renderer\MTextureRenderTarget.h">
      <Filter>Core\Renderer</Filter>
    </ClInclude>
    <ClInclude Include="..\..\Core\Renderer\DirectX11\MDirectX11RenderTarget.h">
      <Filter>Core\Renderer\DirectX11</Filter>
    </ClInclude>
    <ClInclude Include="..\..\Core\MViewport.h">
      <Filter>Core</Filter>
    </ClInclude>
    <ClInclude Include="..\..\Utility\MRenderStatistics.h">
      <Filter>Utility</Filter>
    </ClInclude>
    <ClInclude Include="..\..\ResourceLoader\Model\MMultiLevelMesh.h">
      <Filter>ResourceLoader\Model</Filter>
    </ClInclude>
    <ClInclude Include="..\..\Organizer\MScene.h">
      <Filter>Organizer</Filter>
    </ClInclude>
    <ClInclude Include="..\..\Organizer\MShadowTextureRenderTarget.h">
      <Filter>Organizer</Filter>
    </ClInclude>
    <ClInclude Include="..\..\Organizer\MTransformCoord.h">
      <Filter>Organizer</Filter>
    </ClInclude>
    <ClInclude Include="..\..\Organizer\System\MISystem.h">
      <Filter>Organizer\System</Filter>
    </ClInclude>
    <ClInclude Include="..\..\Organizer\Node\M3DNode.h">
      <Filter>Organizer\Node</Filter>
    </ClInclude>
    <ClInclude Include="..\..\Organizer\Node\MCamera.h">
      <Filter>Organizer\Node</Filter>
    </ClInclude>
    <ClInclude Include="..\..\Organizer\Node\MInputNode.h">
      <Filter>Organizer\Node</Filter>
    </ClInclude>
    <ClInclude Include="..\..\Organizer\Node\MNode.h">
      <Filter>Organizer\Node</Filter>
    </ClInclude>
    <ClInclude Include="..\..\Organizer\Node\Light\MILight.h">
      <Filter>Organizer\Node\Light</Filter>
    </ClInclude>
    <ClInclude Include="..\..\Organizer\Node\Light\MPointLight.h">
      <Filter>Organizer\Node\Light</Filter>
    </ClInclude>
    <ClInclude Include="..\..\Organizer\Node\Light\MSpotLight.h">
      <Filter>Organizer\Node\Light</Filter>
    </ClInclude>
    <ClInclude Include="..\..\Organizer\Node\Light\MDirectionalLight.h">
      <Filter>Organizer\Node\Light</Filter>
    </ClInclude>
    <ClInclude Include="..\..\Organizer\Node\Model\MIModelMeshInstance.h">
      <Filter>Organizer\Node\Model</Filter>
    </ClInclude>
    <ClInclude Include="..\..\Organizer\Node\Model\MModelInstance.h">
      <Filter>Organizer\Node\Model</Filter>
    </ClInclude>
    <ClInclude Include="..\..\Organizer\Node\Model\MSkinnedMeshInstance.h">
      <Filter>Organizer\Node\Model</Filter>
    </ClInclude>
    <ClInclude Include="..\..\Organizer\Node\Model\MStaticMeshInstance.h">
      <Filter>Organizer\Node\Model</Filter>
    </ClInclude>
    <ClInclude Include="..\..\Organizer\Node\Model\MIMeshInstance.h">
      <Filter>Organizer\Node\Model</Filter>
    </ClInclude>
    <ClInclude Include="..\..\ResourceLoader\Material\MMaterialResource.h">
      <Filter>ResourceLoader\Material</Filter>
    </ClInclude>
    <ClInclude Include="..\..\Core\MCameraFrustum.h">
      <Filter>Core</Filter>
    </ClInclude>
    <ClInclude Include="..\..\Core\MPlane.h">
      <Filter>Core</Filter>
    </ClInclude>
    <ClInclude Include="..\..\Organizer\System\MRenderSystem.h">
      <Filter>Organizer\System</Filter>
    </ClInclude>
    <ClInclude Include="..\..\Organizer\MMaterialGroup.h">
      <Filter>Organizer</Filter>
    </ClInclude>
    <ClInclude Include="..\..\Organizer\MTransparentRenderTarget.h">
      <Filter>Organizer</Filter>
    </ClInclude>
    <ClInclude Include="..\..\Core\Renderer\MShaderMacro.h">
      <Filter>Core\Renderer</Filter>
    </ClInclude>
    <ClInclude Include="..\..\Organizer\MSerializer.h">
      <Filter>Organizer</Filter>
    </ClInclude>
    <ClInclude Include="..\..\ResourceLoader\Node\MNodeResource.h">
      <Filter>ResourceLoader\Node</Filter>
    </ClInclude>
    <ClInclude Include="..\..\ResourceLoader\Model\MSkeletonResource.h">
      <Filter>ResourceLoader\Model</Filter>
    </ClInclude>
    <ClInclude Include="..\..\Core\Engine\MProject.h">
      <Filter>Core\Engine</Filter>
    </ClInclude>
    <ClInclude Include="..\..\ResourceLoader\Model\MMeshResource.h">
      <Filter>ResourceLoader\Model</Filter>
    </ClInclude>
  </ItemGroup>
  <ItemGroup>
    <ClCompile Include="../../stdafx.cpp">
      <Filter>源文件</Filter>
    </ClCompile>
    <ClCompile Include="../../Morty.cpp">
      <Filter>源文件</Filter>
    </ClCompile>
    <ClCompile Include="../../dllmain.cpp">
      <Filter>源文件</Filter>
    </ClCompile>
    <ClCompile Include="../../Core\Engine\MEngine.cpp">
      <Filter>Core\Engine</Filter>
    </ClCompile>
    <ClCompile Include="../../Core\Engine\MIRenderView.cpp">
      <Filter>Core\Engine</Filter>
    </ClCompile>
    <ClCompile Include="../../Core\Log\MLogManager.cpp">
      <Filter>Core\Log</Filter>
    </ClCompile>
    <ClCompile Include="../../Utility\Timer\MTimer.cpp">
      <Filter>Utility\Timer</Filter>
    </ClCompile>
    <ClCompile Include="../../Core\MObject.cpp">
      <Filter>Core</Filter>
    </ClCompile>
    <ClCompile Include="..\..\ResourceLoader\MResource.cpp">
      <Filter>ResourceLoader</Filter>
    </ClCompile>
    <ClCompile Include="..\..\ResourceLoader\Model\MModelResource.cpp">
      <Filter>ResourceLoader\Model</Filter>
    </ClCompile>
    <ClCompile Include="..\..\ResourceLoader\MResourceManager.cpp">
      <Filter>ResourceLoader</Filter>
    </ClCompile>
    <ClCompile Include="..\..\ResourceLoader\Shader\MShaderResource.cpp">
      <Filter>ResourceLoader\Shader</Filter>
    </ClCompile>
    <ClCompile Include="..\..\Utility\MGlobal.cpp">
      <Filter>Utility</Filter>
    </ClCompile>
    <ClCompile Include="..\..\Core\MMaterial.cpp">
      <Filter>Core</Filter>
    </ClCompile>
    <ClCompile Include="..\..\ResourceLoader\Texture\MTextureResource.cpp">
      <Filter>ResourceLoader\Texture</Filter>
    </ClCompile>
    <ClCompile Include="..\..\Core\Input\MInputManager.cpp">
      <Filter>Core\Input</Filter>
    </ClCompile>
    <ClCompile Include="..\..\Core\Renderer\MIRenderer.cpp">
      <Filter>Core\Renderer</Filter>
    </ClCompile>
    <ClCompile Include="..\..\Core\Renderer\DirectX11\MDirectX11Renderer.cpp">
      <Filter>Core\Renderer\DirectX11</Filter>
    </ClCompile>
    <ClCompile Include="..\..\Core\Renderer\DirectX11\MWindowsRenderView.cpp">
      <Filter>Core\Renderer\DirectX11</Filter>
    </ClCompile>
    <ClCompile Include="..\..\Core\Renderer\MMesh.cpp">
      <Filter>Core\Renderer</Filter>
    </ClCompile>
    <ClCompile Include="..\..\Core\Renderer\MShader.cpp">
      <Filter>Core\Renderer</Filter>
    </ClCompile>
    <ClCompile Include="..\..\Core\Renderer\MTexture.cpp">
      <Filter>Core\Renderer</Filter>
    </ClCompile>
    <ClCompile Include="..\..\Core\Renderer\MIDevice.cpp">
      <Filter>Core\Renderer</Filter>
    </ClCompile>
    <ClCompile Include="..\..\Core\Renderer\DirectX11\MDirectX11Device.cpp">
      <Filter>Core\Renderer\DirectX11</Filter>
    </ClCompile>
    <ClCompile Include="..\..\Core\MSkyBox.cpp">
      <Filter>Core</Filter>
    </ClCompile>
    <ClCompile Include="..\..\ResourceLoader\Texture\MTextureCubeResource.cpp">
      <Filter>ResourceLoader\Texture</Filter>
    </ClCompile>
    <ClCompile Include="..\..\Core\MTransform.cpp">
      <Filter>Core</Filter>
    </ClCompile>
    <ClCompile Include="..\..\Core\Renderer\MVariant.cpp">
      <Filter>Core\Renderer</Filter>
    </ClCompile>
    <ClCompile Include="..\..\ResourceLoader\MFileHelper.cpp">
      <Filter>ResourceLoader</Filter>
    </ClCompile>
    <ClCompile Include="..\..\Utility\Json\MJson.cpp">
      <Filter>Utility\Json</Filter>
    </ClCompile>
    <ClCompile Include="..\..\Core\Painter\MPainter.cpp">
      <Filter>Core\Painter</Filter>
    </ClCompile>
    <ClCompile Include="..\..\Utility\Type\MColor.cpp">
      <Filter>Utility\Type</Filter>
    </ClCompile>
    <ClCompile Include="..\..\Core\MBounds.cpp">
      <Filter>Core</Filter>
    </ClCompile>
    <ClCompile Include="..\..\Core\MSkeleton.cpp">
      <Filter>Core</Filter>
    </ClCompile>
    <ClCompile Include="..\..\Core\Renderer\MRenderStructure.cpp">
      <Filter>Core\Renderer</Filter>
    </ClCompile>
    <ClCompile Include="..\..\Core\Animation\MIAnimation.cpp">
      <Filter>Core\Animation</Filter>
    </ClCompile>
    <ClCompile Include="..\..\Core\Animation\MSkeletalAnimation.cpp">
      <Filter>Core\Animation</Filter>
    </ClCompile>
    <ClCompile Include="..\..\Utility\MMath.cpp">
      <Filter>Utility</Filter>
    </ClCompile>
    <ClCompile Include="..\..\Core\RefCounter\MRefCounter.cpp">
      <Filter>Core\RefCounter</Filter>
    </ClCompile>
    <ClCompile Include="..\..\Utility\MTypedClass.cpp">
      <Filter>Utility</Filter>
    </ClCompile>
    <ClCompile Include="..\..\Core\Renderer\MIRenderTarget.cpp">
      <Filter>Core\Renderer</Filter>
    </ClCompile>
    <ClCompile Include="..\..\Core\Renderer\MTextureRenderTarget.cpp">
      <Filter>Core\Renderer</Filter>
    </ClCompile>
    <ClCompile Include="..\..\Core\Renderer\DirectX11\MDirectX11RenderTarget.cpp">
      <Filter>Core\Renderer\DirectX11</Filter>
    </ClCompile>
    <ClCompile Include="..\..\Core\MViewport.cpp">
      <Filter>Core</Filter>
    </ClCompile>
    <ClCompile Include="..\..\Utility\MRenderStatistics.cpp">
      <Filter>Utility</Filter>
    </ClCompile>
    <ClCompile Include="..\..\ResourceLoader\Model\MMultiLevelMesh.cpp">
      <Filter>ResourceLoader\Model</Filter>
    </ClCompile>
    <ClCompile Include="..\..\Organizer\MScene.cpp">
      <Filter>Organizer</Filter>
    </ClCompile>
    <ClCompile Include="..\..\Organizer\MShadowTextureRenderTarget.cpp">
      <Filter>Organizer</Filter>
    </ClCompile>
    <ClCompile Include="..\..\Organizer\MTransformCoord.cpp">
      <Filter>Organizer</Filter>
    </ClCompile>
    <ClCompile Include="..\..\Organizer\System\MISystem.cpp">
      <Filter>Organizer\System</Filter>
    </ClCompile>
    <ClCompile Include="..\..\Organizer\Node\M3DNode.cpp">
      <Filter>Organizer\Node</Filter>
    </ClCompile>
    <ClCompile Include="..\..\Organizer\Node\MCamera.cpp">
      <Filter>Organizer\Node</Filter>
    </ClCompile>
    <ClCompile Include="..\..\Organizer\Node\MInputNode.cpp">
      <Filter>Organizer\Node</Filter>
    </ClCompile>
    <ClCompile Include="..\..\Organizer\Node\Light\MPointLight.cpp">
      <Filter>Organizer\Node\Light</Filter>
    </ClCompile>
    <ClCompile Include="..\..\Organizer\Node\Light\MSpotLight.cpp">
      <Filter>Organizer\Node\Light</Filter>
    </ClCompile>
    <ClCompile Include="..\..\Organizer\Node\Light\MDirectionalLight.cpp">
      <Filter>Organizer\Node\Light</Filter>
    </ClCompile>
    <ClCompile Include="..\..\Organizer\Node\Light\MILight.cpp">
      <Filter>Organizer\Node\Light</Filter>
    </ClCompile>
    <ClCompile Include="..\..\Organizer\Node\Model\MModelInstance.cpp">
      <Filter>Organizer\Node\Model</Filter>
    </ClCompile>
    <ClCompile Include="..\..\Organizer\Node\Model\MSkinnedMeshInstance.cpp">
      <Filter>Organizer\Node\Model</Filter>
    </ClCompile>
    <ClCompile Include="..\..\Organizer\Node\Model\MStaticMeshInstance.cpp">
      <Filter>Organizer\Node\Model</Filter>
    </ClCompile>
    <ClCompile Include="..\..\Organizer\Node\Model\MIMeshInstance.cpp">
      <Filter>Organizer\Node\Model</Filter>
    </ClCompile>
    <ClCompile Include="..\..\Organizer\Node\Model\MIModelMeshInstance.cpp">
      <Filter>Organizer\Node\Model</Filter>
    </ClCompile>
    <ClCompile Include="..\..\Core\MCameraFrustum.cpp">
      <Filter>Core</Filter>
    </ClCompile>
    <ClCompile Include="..\..\Core\MPlane.cpp">
      <Filter>Core</Filter>
    </ClCompile>
    <ClCompile Include="..\..\Organizer\System\MRenderSystem.cpp">
      <Filter>Organizer\System</Filter>
    </ClCompile>
    <ClCompile Include="..\..\Organizer\MMaterialGroup.cpp">
      <Filter>Organizer</Filter>
    </ClCompile>
    <ClCompile Include="..\..\Organizer\MTransparentRenderTarget.cpp">
      <Filter>Organizer</Filter>
    </ClCompile>
    <ClCompile Include="..\..\Core\Renderer\MShaderMacro.cpp">
      <Filter>Core\Renderer</Filter>
    </ClCompile>
    <ClCompile Include="..\..\Organizer\Node\MNode.cpp">
      <Filter>Organizer\Node</Filter>
    </ClCompile>
    <ClCompile Include="..\..\Organizer\MSerializer.cpp">
      <Filter>Organizer</Filter>
    </ClCompile>
    <ClCompile Include="..\..\ResourceLoader\Node\MNodeResource.cpp">
      <Filter>ResourceLoader\Node</Filter>
    </ClCompile>
    <ClCompile Include="..\..\ResourceLoader\Model\MSkeletonResource.cpp">
      <Filter>ResourceLoader\Model</Filter>
    </ClCompile>
    <ClCompile Include="..\..\Core\Engine\MProject.cpp">
      <Filter>Core\Engine</Filter>
    </ClCompile>
    <ClCompile Include="..\..\ResourceLoader\Model\MMeshResource.cpp">
      <Filter>ResourceLoader\Model</Filter>
    </ClCompile>
  </ItemGroup>
  <ItemGroup>
    <None Include="ClassDiagram.cd" />
  </ItemGroup>
</Project>