// !$*UTF8*$!
{
	archiveVersion = 1;
	classes = {
	};
	objectVersion = 50;
	objects = {

/* Begin PBXBuildFile section */
		FACAC0B522F995AF0059C5DF /* MortyDemo.cpp in Sources */ = {isa = PBXBuildFile; fileRef = FACAC0B422F995AF0059C5DF /* MortyDemo.cpp */; };
		FAF92C5B22F06668000937C4 /* libMorty.dylib in Frameworks */ = {isa = PBXBuildFile; fileRef = FAF92C4F22F05D80000937C4 /* libMorty.dylib */; };
		FAF92C5D22F0668F000937C4 /* libMorty.dylib in CopyFiles */ = {isa = PBXBuildFile; fileRef = FAF92C4F22F05D80000937C4 /* libMorty.dylib */; settings = {ATTRIBUTES = (CodeSignOnCopy, ); }; };
/* End PBXBuildFile section */

/* Begin PBXCopyFilesBuildPhase section */
		FAF92C3F22F05CC5000937C4 /* CopyFiles */ = {
			isa = PBXCopyFilesBuildPhase;
			buildActionMask = 2147483647;
			dstPath = /usr/share/man/man1/;
			dstSubfolderSpec = 0;
			files = (
			);
			runOnlyForDeploymentPostprocessing = 1;
		};
		FAF92C5C22F0667F000937C4 /* CopyFiles */ = {
			isa = PBXCopyFilesBuildPhase;
			buildActionMask = 2147483647;
			dstPath = "";
			dstSubfolderSpec = 10;
			files = (
				FAF92C5D22F0668F000937C4 /* libMorty.dylib in CopyFiles */,
			);
			runOnlyForDeploymentPostprocessing = 0;
		};
/* End PBXCopyFilesBuildPhase section */

/* Begin PBXFileReference section */
		FACAC0B422F995AF0059C5DF /* MortyDemo.cpp */ = {isa = PBXFileReference; fileEncoding = 4; lastKnownFileType = sourcecode.cpp.cpp; name = MortyDemo.cpp; path = ../../MortyDemo.cpp; sourceTree = "<group>"; };
		FAF92C4122F05CC5000937C4 /* MortyDemo */ = {isa = PBXFileReference; explicitFileType = "compiled.mach-o.executable"; includeInIndex = 0; path = MortyDemo; sourceTree = BUILT_PRODUCTS_DIR; };
		FAF92C4F22F05D80000937C4 /* libMorty.dylib */ = {isa = PBXFileReference; explicitFileType = "compiled.mach-o.dylib"; path = libMorty.dylib; sourceTree = BUILT_PRODUCTS_DIR; };
/* End PBXFileReference section */

/* Begin PBXFrameworksBuildPhase section */
		FAF92C3E22F05CC5000937C4 /* Frameworks */ = {
			isa = PBXFrameworksBuildPhase;
			buildActionMask = 2147483647;
			files = (
				FAF92C5B22F06668000937C4 /* libMorty.dylib in Frameworks */,
			);
			runOnlyForDeploymentPostprocessing = 0;
		};
/* End PBXFrameworksBuildPhase section */

/* Begin PBXGroup section */
		FAF92C3822F05CC5000937C4 = {
			isa = PBXGroup;
			children = (
				FACAC0B422F995AF0059C5DF /* MortyDemo.cpp */,
				FAF92C4222F05CC5000937C4 /* Products */,
				FAF92C4E22F05D80000937C4 /* Frameworks */,
			);
			sourceTree = "<group>";
		};
		FAF92C4222F05CC5000937C4 /* Products */ = {
			isa = PBXGroup;
			children = (
				FAF92C4122F05CC5000937C4 /* MortyDemo */,
			);
			name = Products;
			sourceTree = "<group>";
		};
		FAF92C4E22F05D80000937C4 /* Frameworks */ = {
			isa = PBXGroup;
			children = (
				FAF92C4F22F05D80000937C4 /* libMorty.dylib */,
			);
			name = Frameworks;
			sourceTree = "<group>";
		};
/* End PBXGroup section */

/* Begin PBXNativeTarget section */
		FAF92C4022F05CC5000937C4 /* MortyDemo */ = {
			isa = PBXNativeTarget;
			buildConfigurationList = FAF92C4822F05CC5000937C4 /* Build configuration list for PBXNativeTarget "MortyDemo" */;
			buildPhases = (
				FAF92C3D22F05CC5000937C4 /* Sources */,
				FAF92C3E22F05CC5000937C4 /* Frameworks */,
				FAF92C3F22F05CC5000937C4 /* CopyFiles */,
				FAF92C5C22F0667F000937C4 /* CopyFiles */,
			);
			buildRules = (
			);
			dependencies = (
			);
			name = MortyDemo;
			productName = MortyDemo;
			productReference = FAF92C4122F05CC5000937C4 /* MortyDemo */;
			productType = "com.apple.product-type.tool";
		};
/* End PBXNativeTarget section */

/* Begin PBXProject section */
		FAF92C3922F05CC5000937C4 /* Project object */ = {
			isa = PBXProject;
			attributes = {
				LastUpgradeCheck = 1000;
				ORGANIZATIONNAME = DoubleYe;
				TargetAttributes = {
					FAF92C4022F05CC5000937C4 = {
						CreatedOnToolsVersion = 10.0;
					};
				};
			};
			buildConfigurationList = FAF92C3C22F05CC5000937C4 /* Build configuration list for PBXProject "MortyDemo" */;
			compatibilityVersion = "Xcode 9.3";
			developmentRegion = en;
			hasScannedForEncodings = 0;
			knownRegions = (
				en,
			);
			mainGroup = FAF92C3822F05CC5000937C4;
			productRefGroup = FAF92C4222F05CC5000937C4 /* Products */;
			projectDirPath = "";
			projectRoot = "";
			targets = (
				FAF92C4022F05CC5000937C4 /* MortyDemo */,
			);
		};
/* End PBXProject section */

/* Begin PBXSourcesBuildPhase section */
		FAF92C3D22F05CC5000937C4 /* Sources */ = {
			isa = PBXSourcesBuildPhase;
			buildActionMask = 2147483647;
			files = (
				FACAC0B522F995AF0059C5DF /* MortyDemo.cpp in Sources */,
			);
			runOnlyForDeploymentPostprocessing = 0;
		};
/* End PBXSourcesBuildPhase section */

/* Begin XCBuildConfiguration section */
		FAF92C4622F05CC5000937C4 /* Debug */ = {
			isa = XCBuildConfiguration;
			buildSettings = {
				ALWAYS_SEARCH_USER_PATHS = NO;
				CLANG_ANALYZER_NONNULL = YES;
				CLANG_ANALYZER_NUMBER_OBJECT_CONVERSION = YES_AGGRESSIVE;
				CLANG_CXX_LANGUAGE_STANDARD = "gnu++14";
				CLANG_CXX_LIBRARY = "libc++";
				CLANG_ENABLE_MODULES = YES;
				CLANG_ENABLE_OBJC_ARC = YES;
				CLANG_ENABLE_OBJC_WEAK = YES;
				CLANG_WARN_BLOCK_CAPTURE_AUTORELEASING = YES;
				CLANG_WARN_BOOL_CONVERSION = YES;
				CLANG_WARN_COMMA = YES;
				CLANG_WARN_CONSTANT_CONVERSION = YES;
				CLANG_WARN_DEPRECATED_OBJC_IMPLEMENTATIONS = YES;
				CLANG_WARN_DIRECT_OBJC_ISA_USAGE = YES_ERROR;
				CLANG_WARN_DOCUMENTATION_COMMENTS = YES;
				CLANG_WARN_EMPTY_BODY = YES;
				CLANG_WARN_ENUM_CONVERSION = YES;
				CLANG_WARN_INFINITE_RECURSION = YES;
				CLANG_WARN_INT_CONVERSION = YES;
				CLANG_WARN_NON_LITERAL_NULL_CONVERSION = YES;
				CLANG_WARN_OBJC_IMPLICIT_RETAIN_SELF = YES;
				CLANG_WARN_OBJC_LITERAL_CONVERSION = YES;
				CLANG_WARN_OBJC_ROOT_CLASS = YES_ERROR;
				CLANG_WARN_RANGE_LOOP_ANALYSIS = YES;
				CLANG_WARN_STRICT_PROTOTYPES = YES;
				CLANG_WARN_SUSPICIOUS_MOVE = YES;
				CLANG_WARN_UNGUARDED_AVAILABILITY = YES_AGGRESSIVE;
				CLANG_WARN_UNREACHABLE_CODE = YES;
				CLANG_WARN__DUPLICATE_METHOD_MATCH = YES;
				CODE_SIGN_IDENTITY = "Mac Developer";
				COPY_PHASE_STRIP = NO;
				DEBUG_INFORMATION_FORMAT = dwarf;
				ENABLE_STRICT_OBJC_MSGSEND = YES;
				ENABLE_TESTABILITY = YES;
				GCC_C_LANGUAGE_STANDARD = gnu11;
				GCC_DYNAMIC_NO_PIC = NO;
				GCC_NO_COMMON_BLOCKS = YES;
				GCC_OPTIMIZATION_LEVEL = 0;
				GCC_PREPROCESSOR_DEFINITIONS = (
					"DEBUG=1",
					"$(inherited)",
				);
				GCC_WARN_64_TO_32_BIT_CONVERSION = YES;
				GCC_WARN_ABOUT_RETURN_TYPE = YES_ERROR;
				GCC_WARN_UNDECLARED_SELECTOR = YES;
				GCC_WARN_UNINITIALIZED_AUTOS = YES_AGGRESSIVE;
				GCC_WARN_UNUSED_FUNCTION = YES;
				GCC_WARN_UNUSED_VARIABLE = YES;
				MACOSX_DEPLOYMENT_TARGET = 10.13;
				MTL_ENABLE_DEBUG_INFO = INCLUDE_SOURCE;
				MTL_FAST_MATH = YES;
				ONLY_ACTIVE_ARCH = YES;
				SDKROOT = macosx;
			};
			name = Debug;
		};
		FAF92C4722F05CC5000937C4 /* Release */ = {
			isa = XCBuildConfiguration;
			buildSettings = {
				ALWAYS_SEARCH_USER_PATHS = NO;
				CLANG_ANALYZER_NONNULL = YES;
				CLANG_ANALYZER_NUMBER_OBJECT_CONVERSION = YES_AGGRESSIVE;
				CLANG_CXX_LANGUAGE_STANDARD = "gnu++14";
				CLANG_CXX_LIBRARY = "libc++";
				CLANG_ENABLE_MODULES = YES;
				CLANG_ENABLE_OBJC_ARC = YES;
				CLANG_ENABLE_OBJC_WEAK = YES;
				CLANG_WARN_BLOCK_CAPTURE_AUTORELEASING = YES;
				CLANG_WARN_BOOL_CONVERSION = YES;
				CLANG_WARN_COMMA = YES;
				CLANG_WARN_CONSTANT_CONVERSION = YES;
				CLANG_WARN_DEPRECATED_OBJC_IMPLEMENTATIONS = YES;
				CLANG_WARN_DIRECT_OBJC_ISA_USAGE = YES_ERROR;
				CLANG_WARN_DOCUMENTATION_COMMENTS = YES;
				CLANG_WARN_EMPTY_BODY = YES;
				CLANG_WARN_ENUM_CONVERSION = YES;
				CLANG_WARN_INFINITE_RECURSION = YES;
				CLANG_WARN_INT_CONVERSION = YES;
				CLANG_WARN_NON_LITERAL_NULL_CONVERSION = YES;
				CLANG_WARN_OBJC_IMPLICIT_RETAIN_SELF = YES;
				CLANG_WARN_OBJC_LITERAL_CONVERSION = YES;
				CLANG_WARN_OBJC_ROOT_CLASS = YES_ERROR;
				CLANG_WARN_RANGE_LOOP_ANALYSIS = YES;
				CLANG_WARN_STRICT_PROTOTYPES = YES;
				CLANG_WARN_SUSPICIOUS_MOVE = YES;
				CLANG_WARN_UNGUARDED_AVAILABILITY = YES_AGGRESSIVE;
				CLANG_WARN_UNREACHABLE_CODE = YES;
				CLANG_WARN__DUPLICATE_METHOD_MATCH = YES;
				CODE_SIGN_IDENTITY = "Mac Developer";
				COPY_PHASE_STRIP = NO;
				DEBUG_INFORMATION_FORMAT = "dwarf-with-dsym";
				ENABLE_NS_ASSERTIONS = NO;
				ENABLE_STRICT_OBJC_MSGSEND = YES;
				GCC_C_LANGUAGE_STANDARD = gnu11;
				GCC_NO_COMMON_BLOCKS = YES;
				GCC_WARN_64_TO_32_BIT_CONVERSION = YES;
				GCC_WARN_ABOUT_RETURN_TYPE = YES_ERROR;
				GCC_WARN_UNDECLARED_SELECTOR = YES;
				GCC_WARN_UNINITIALIZED_AUTOS = YES_AGGRESSIVE;
				GCC_WARN_UNUSED_FUNCTION = YES;
				GCC_WARN_UNUSED_VARIABLE = YES;
				MACOSX_DEPLOYMENT_TARGET = 10.13;
				MTL_ENABLE_DEBUG_INFO = NO;
				MTL_FAST_MATH = YES;
				SDKROOT = macosx;
			};
			name = Release;
		};
		FAF92C4922F05CC5000937C4 /* Debug */ = {
			isa = XCBuildConfiguration;
			buildSettings = {
				ALWAYS_SEARCH_USER_PATHS = NO;
				CODE_SIGN_STYLE = Automatic;
				DEVELOPMENT_TEAM = L8DNJAKB7A;
				GCC_PREPROCESSOR_DEFINITIONS = (
					"DEBUG=1",
					"$(inherited)",
				);
				HEADER_SEARCH_PATHS = (
					"\"$(SRCROOT)/../../../Morty/Core\"",
					"\"$(SRCROOT)/../../../Morty/Core/Engine\"",
					"\"$(SRCROOT)/../../../Morty/Core/Log\"",
					"\"$(SRCROOT)/../../../Morty/Scene\"",
					"\"$(SRCROOT)/../../../Morty/Utility\"",
					"\"$(SRCROOT)/../../../Morty/Utility/Timer\"",
					"\"$(SRCROOT)/../../../Morty/Project/Mac/Morty/Morty\"",
					"\"$(SRCROOT)/../../../Morty/ResourceLoader\"",
					"\"$(SRCROOT)/../../../Morty/ResourceLoader/Model\"",
				);
				LIBRARY_SEARCH_PATHS = "\"$(SRCROOT)/../../../ThirdParty/Assimp/lib/mac\"";
				PRODUCT_NAME = "$(TARGET_NAME)";
			};
			name = Debug;
		};
		FAF92C4A22F05CC5000937C4 /* Release */ = {
			isa = XCBuildConfiguration;
			buildSettings = {
				ALWAYS_SEARCH_USER_PATHS = NO;
				CODE_SIGN_STYLE = Automatic;
				DEVELOPMENT_TEAM = L8DNJAKB7A;
				GCC_PREPROCESSOR_DEFINITIONS = "";
				HEADER_SEARCH_PATHS = (
					"\"$(SRCROOT)/../../../Morty/Core\"",
					"\"$(SRCROOT)/../../../Morty/Core/Engine\"",
					"\"$(SRCROOT)/../../../Morty/Core/Log\"",
					"\"$(SRCROOT)/../../../Morty/Scene\"",
					"\"$(SRCROOT)/../../../Morty/Utility\"",
					"\"$(SRCROOT)/../../../Morty/Utility/Timer\"",
					"\"$(SRCROOT)/../../../Morty/Project/Mac/Morty/Morty\"",
					"\"$(SRCROOT)/../../../Morty/ResourceLoader\"",
					"\"$(SRCROOT)/../../../Morty/ResourceLoader/Model\"",
				);
				LIBRARY_SEARCH_PATHS = "\"$(SRCROOT)/../../../ThirdParty/Assimp/lib/mac\"";
				PRODUCT_NAME = "$(TARGET_NAME)";
			};
			name = Release;
		};
/* End XCBuildConfiguration section */

/* Begin XCConfigurationList section */
		FAF92C3C22F05CC5000937C4 /* Build configuration list for PBXProject "MortyDemo" */ = {
			isa = XCConfigurationList;
			buildConfigurations = (
				FAF92C4622F05CC5000937C4 /* Debug */,
				FAF92C4722F05CC5000937C4 /* Release */,
			);
			defaultConfigurationIsVisible = 0;
			defaultConfigurationName = Debug;
		};
		FAF92C4822F05CC5000937C4 /* Build configuration list for PBXNativeTarget "MortyDemo" */ = {
			isa = XCConfigurationList;
			buildConfigurations = (
				FAF92C4922F05CC5000937C4 /* Debug */,
				FAF92C4A22F05CC5000937C4 /* Release */,
			);
			defaultConfigurationIsVisible = 0;
			defaultConfigurationName = Debug;
		};
/* End XCConfigurationList section */
	};
	rootObject = FAF92C3922F05CC5000937C4 /* Project object */;
}
